{
  "lockfileVersion": 1,
  "configVersion": 1,
  "workspaces": {
    "": {
      "name": "@beyon/seed",
      "dependencies": {
        "@types/bcryptjs": "^3.0.0",
        "bcryptjs": "^3.0.3",
        "node-appwrite": "^15.0.0",
      },
    },
  },
  "packages": {
    "@types/bcryptjs": ["@types/bcryptjs@3.0.0", "", { "dependencies": { "bcryptjs": "*" } }, "sha512-WRZOuCuaz8UcZZE4R5HXTco2goQSI2XxjGY3hbM/xDvwmqFWd4ivooImsMx65OKM6CtNKbnZ5YL+YwAwK7c1dg=="],

    "bcryptjs": ["bcryptjs@3.0.3", "", { "bin": { "bcrypt": "bin/bcrypt" } }, "sha512-GlF5wPWnSa/X5LKM1o0wz0suXIINz1iHRLvTS+sLyi7XPbe5ycmYI3DlZqVGZZtDgl4DmasFg7gOB3JYbphV5g=="],

    "node-appwrite": ["node-appwrite@15.0.1", "", { "dependencies": { "node-fetch-native-with-agent": "1.7.2" } }, "sha512-vewchNVfgxJ1wHmdN2BRSHwoO+trfqKZf5Uq5wXfCHpnVtAtoO2amh8o5mwIfquP6qbZ+DMV25ZXp8MZYxPO7A=="],

    "node-fetch-native-with-agent": ["node-fetch-native-with-agent@1.7.2", "", {}, "sha512-5MaOOCuJEvcckoz7/tjdx1M6OusOY6Xc5f459IaruGStWnKzlI1qpNgaAwmn4LmFYcsSlj+jBMk84wmmRxfk5g=="],
  }
}
